
Microsoft Visual Studio Solution File, Format Version 12.00
# Visual Studio Version 16
VisualStudioVersion = 16.0.31424.327
MinimumVisualStudioVersion = 10.0.40219.1
Project("{FAE04EC0-301F-11D3-BF4B-00C04F79EFBC}") = "MyUtils", "MyUtils.csproj", "{71E0B0A4-6E5B-44E7-9296-6964B437EDB3}"
EndProject
Global
	GlobalSection(SolutionConfigurationPlatforms) = preSolution
		Debug|Any CPU = Debug|Any CPU
		Release|Any CPU = Release|Any CPU
	EndGlobalSection
	GlobalSection(ProjectConfigurationPlatforms) = postSolution
		{71E0B0A4-6E5B-44E7-9296-6964B437EDB3}.Debug|Any CPU.ActiveCfg = Debug|Any CPU
		{71E0B0A4-6E5B-44E7-9296-6964B437EDB3}.Debug|Any CPU.Build.0 = Debug|Any CPU
		{71E0B0A4-6E5B-44E7-9296-6964B437EDB3}.Release|Any CPU.ActiveCfg = Release|Any CPU
		{71E0B0A4-6E5B-44E7-9296-6964B437EDB3}.Release|Any CPU.Build.0 = Release|Any CPU
	EndGlobalSection
	GlobalSection(SolutionProperties) = preSolution
		HideSolutionNode = FALSE
	EndGlobalSection
	GlobalSection(ExtensibilityGlobals) = postSolution
		SolutionGuid = {CC8C603B-0B9E-4FC5-B7D6-D05070DEB141}
	EndGlobalSection
EndGlobal
